// !$*UTF8*$!
{
	archiveVersion = 1;
	classes = {
	};
	objectVersion = 46;
	objects = {

/* Begin PBXBuildFile section */
		C14528C11B25AA6B00138E1D /* AppDelegate.swift in Sources */ = {isa = PBXBuildFile; fileRef = C14528C01B25AA6B00138E1D /* AppDelegate.swift */; };
		C14528C31B25AA6B00138E1D /* MasterViewController.swift in Sources */ = {isa = PBXBuildFile; fileRef = C14528C21B25AA6B00138E1D /* MasterViewController.swift */; };
		C14528C51B25AA6B00138E1D /* DetailViewController.swift in Sources */ = {isa = PBXBuildFile; fileRef = C14528C41B25AA6B00138E1D /* DetailViewController.swift */; };
		C14528C81B25AA6B00138E1D /* Main.storyboard in Resources */ = {isa = PBXBuildFile; fileRef = C14528C61B25AA6B00138E1D /* Main.storyboard */; };
		C14528CA1B25AA6B00138E1D /* Images.xcassets in Resources */ = {isa = PBXBuildFile; fileRef = C14528C91B25AA6B00138E1D /* Images.xcassets */; };
		C14528CD1B25AA6B00138E1D /* LaunchScreen.xib in Resources */ = {isa = PBXBuildFile; fileRef = C14528CB1B25AA6B00138E1D /* LaunchScreen.xib */; };
		C14528D91B25AA6B00138E1D /* iOSmonitoringTests.swift in Sources */ = {isa = PBXBuildFile; fileRef = C14528D81B25AA6B00138E1D /* iOSmonitoringTests.swift */; };
/* End PBXBuildFile section */

/* Begin PBXContainerItemProxy section */
		C14528D31B25AA6B00138E1D /* PBXContainerItemProxy */ = {
			isa = PBXContainerItemProxy;
			containerPortal = C14528B31B25AA6A00138E1D /* Project object */;
			proxyType = 1;
			remoteGlobalIDString = C14528BA1B25AA6B00138E1D;
			remoteInfo = iOSmonitoring;
		};
/* End PBXContainerItemProxy section */

/* Begin PBXFileReference section */
		C14528BB1B25AA6B00138E1D /* iOSmonitoring.app */ = {isa = PBXFileReference; explicitFileType = wrapper.application; includeInIndex = 0; path = iOSmonitoring.app; sourceTree = BUILT_PRODUCTS_DIR; };
		C14528BF1B25AA6B00138E1D /* Info.plist */ = {isa = PBXFileReference; lastKnownFileType = text.plist.xml; path = Info.plist; sourceTree = "<group>"; };
		C14528C01B25AA6B00138E1D /* AppDelegate.swift */ = {isa = PBXFileReference; lastKnownFileType = sourcecode.swift; path = AppDelegate.swift; sourceTree = "<group>"; };
		C14528C21B25AA6B00138E1D /* MasterViewController.swift */ = {isa = PBXFileReference; lastKnownFileType = sourcecode.swift; path = MasterViewController.swift; sourceTree = "<group>"; };
		C14528C41B25AA6B00138E1D /* DetailViewController.swift */ = {isa = PBXFileReference; lastKnownFileType = sourcecode.swift; path = DetailViewController.swift; sourceTree = "<group>"; };
		C14528C71B25AA6B00138E1D /* Base */ = {isa = PBXFileReference; lastKnownFileType = file.storyboard; name = Base; path = Base.lproj/Main.storyboard; sourceTree = "<group>"; };
		C14528C91B25AA6B00138E1D /* Images.xcassets */ = {isa = PBXFileReference; lastKnownFileType = folder.assetcatalog; path = Images.xcassets; sourceTree = "<group>"; };
		C14528CC1B25AA6B00138E1D /* Base */ = {isa = PBXFileReference; lastKnownFileType = file.xib; name = Base; path = Base.lproj/LaunchScreen.xib; sourceTree = "<group>"; };
		C14528D21B25AA6B00138E1D /* iOSmonitoringTests.xctest */ = {isa = PBXFileReference; explicitFileType = wrapper.cfbundle; includeInIndex = 0; path = iOSmonitoringTests.xctest; sourceTree = BUILT_PRODUCTS_DIR; };
		C14528D71B25AA6B00138E1D /* Info.plist */ = {isa = PBXFileReference; lastKnownFileType = text.plist.xml; path = Info.plist; sourceTree = "<group>"; };
		C14528D81B25AA6B00138E1D /* iOSmonitoringTests.swift */ = {isa = PBXFileReference; lastKnownFileType = sourcecode.swift; path = iOSmonitoringTests.swift; sourceTree = "<group>"; };
/* End PBXFileReference section */

/* Begin PBXFrameworksBuildPhase section */
		C14528B81B25AA6B00138E1D /* Frameworks */ = {
			isa = PBXFrameworksBuildPhase;
			buildActionMask = 2147483647;
			files = (
			);
			runOnlyForDeploymentPostprocessing = 0;
		};
		C14528CF1B25AA6B00138E1D /* Frameworks */ = {
			isa = PBXFrameworksBuildPhase;
			buildActionMask = 2147483647;
			files = (
			);
			runOnlyForDeploymentPostprocessing = 0;
		};
/* End PBXFrameworksBuildPhase section */

/* Begin PBXGroup section */
		C14528B21B25AA6A00138E1D = {
			isa = PBXGroup;
			children = (
				C14528BD1B25AA6B00138E1D /* iOSmonitoring */,
				C14528D51B25AA6B00138E1D /* iOSmonitoringTests */,
				C14528BC1B25AA6B00138E1D /* Products */,
			);
			sourceTree = "<group>";
		};
		C14528BC1B25AA6B00138E1D /* Products */ = {
			isa = PBXGroup;
			children = (
				C14528BB1B25AA6B00138E1D /* iOSmonitoring.app */,
				C14528D21B25AA6B00138E1D /* iOSmonitoringTests.xctest */,
			);
			name = Products;
			sourceTree = "<group>";
		};
		C14528BD1B25AA6B00138E1D /* iOSmonitoring */ = {
			isa = PBXGroup;
			children = (
				C14528C01B25AA6B00138E1D /* AppDelegate.swift */,
				C14528C21B25AA6B00138E1D /* MasterViewController.swift */,
				C14528C41B25AA6B00138E1D /* DetailViewController.swift */,
				C14528C61B25AA6B00138E1D /* Main.storyboard */,
				C14528C91B25AA6B00138E1D /* Images.xcassets */,
				C14528CB1B25AA6B00138E1D /* LaunchScreen.xib */,
				C14528BE1B25AA6B00138E1D /* Supporting Files */,
			);
			path = iOSmonitoring;
			sourceTree = "<group>";
		};
		C14528BE1B25AA6B00138E1D /* Supporting Files */ = {
			isa = PBXGroup;
			children = (
				C14528BF1B25AA6B00138E1D /* Info.plist */,
			);
			name = "Supporting Files";
			sourceTree = "<group>";
		};
		C14528D51B25AA6B00138E1D /* iOSmonitoringTests */ = {
			isa = PBXGroup;
			children = (
				C14528D81B25AA6B00138E1D /* iOSmonitoringTests.swift */,
				C14528D61B25AA6B00138E1D /* Supporting Files */,
			);
			path = iOSmonitoringTests;
			sourceTree = "<group>";
		};
		C14528D61B25AA6B00138E1D /* Supporting Files */ = {
			isa = PBXGroup;
			children = (
				C14528D71B25AA6B00138E1D /* Info.plist */,
			);
			name = "Supporting Files";
			sourceTree = "<group>";
		};
/* End PBXGroup section */

/* Begin PBXNativeTarget section */
		C14528BA1B25AA6B00138E1D /* iOSmonitoring */ = {
			isa = PBXNativeTarget;
			buildConfigurationList = C14528DC1B25AA6B00138E1D /* Build configuration list for PBXNativeTarget "iOSmonitoring" */;
			buildPhases = (
				C14528B71B25AA6B00138E1D /* Sources */,
				C14528B81B25AA6B00138E1D /* Frameworks */,
				C14528B91B25AA6B00138E1D /* Resources */,
			);
			buildRules = (
			);
			dependencies = (
			);
			name = iOSmonitoring;
			productName = iOSmonitoring;
			productReference = C14528BB1B25AA6B00138E1D /* iOSmonitoring.app */;
			productType = "com.apple.product-type.application";
		};
		C14528D11B25AA6B00138E1D /* iOSmonitoringTests */ = {
			isa = PBXNativeTarget;
			buildConfigurationList = C14528DF1B25AA6B00138E1D /* Build configuration list for PBXNativeTarget "iOSmonitoringTests" */;
			buildPhases = (
				C14528CE1B25AA6B00138E1D /* Sources */,
				C14528CF1B25AA6B00138E1D /* Frameworks */,
				C14528D01B25AA6B00138E1D /* Resources */,
			);
			buildRules = (
			);
			dependencies = (
				C14528D41B25AA6B00138E1D /* PBXTargetDependency */,
			);
			name = iOSmonitoringTests;
			productName = iOSmonitoringTests;
			productReference = C14528D21B25AA6B00138E1D /* iOSmonitoringTests.xctest */;
			productType = "com.apple.product-type.bundle.unit-test";
		};
/* End PBXNativeTarget section */

/* Begin PBXProject section */
		C14528B31B25AA6A00138E1D /* Project object */ = {
			isa = PBXProject;
			attributes = {
				LastUpgradeCheck = 0610;
				ORGANIZATIONNAME = "Ощепков Александр Юрьевич";
				TargetAttributes = {
					C14528BA1B25AA6B00138E1D = {
						CreatedOnToolsVersion = 6.1;
					};
					C14528D11B25AA6B00138E1D = {
						CreatedOnToolsVersion = 6.1;
						TestTargetID = C14528BA1B25AA6B00138E1D;
					};
				};
			};
			buildConfigurationList = C14528B61B25AA6A00138E1D /* Build configuration list for PBXProject "iOSmonitoring" */;
			compatibilityVersion = "Xcode 3.2";
			developmentRegion = English;
			hasScannedForEncodings = 0;
			knownRegions = (
				en,
				Base,
			);
			mainGroup = C14528B21B25AA6A00138E1D;
			productRefGroup = C14528BC1B25AA6B00138E1D /* Products */;
			projectDirPath = "";
			projectRoot = "";
			targets = (
				C14528BA1B25AA6B00138E1D /* iOSmonitoring */,
				C14528D11B25AA6B00138E1D /* iOSmonitoringTests */,
			);
		};
/* End PBXProject section */

/* Begin PBXResourcesBuildPhase section */
		C14528B91B25AA6B00138E1D /* Resources */ = {
			isa = PBXResourcesBuildPhase;
			buildActionMask = 2147483647;
			files = (
				C14528C81B25AA6B00138E1D /* Main.storyboard in Resources */,
				C14528CD1B25AA6B00138E1D /* LaunchScreen.xib in Resources */,
				C14528CA1B25AA6B00138E1D /* Images.xcassets in Resources */,
			);
			runOnlyForDeploymentPostprocessing = 0;
		};
		C14528D01B25AA6B00138E1D /* Resources */ = {
			isa = PBXResourcesBuildPhase;
			buildActionMask = 2147483647;
			files = (
			);
			runOnlyForDeploymentPostprocessing = 0;
		};
/* End PBXResourcesBuildPhase section */

/* Begin PBXSourcesBuildPhase section */
		C14528B71B25AA6B00138E1D /* Sources */ = {
			isa = PBXSourcesBuildPhase;
			buildActionMask = 2147483647;
			files = (
				C14528C51B25AA6B00138E1D /* DetailViewController.swift in Sources */,
				C14528C31B25AA6B00138E1D /* MasterViewController.swift in Sources */,
				C14528C11B25AA6B00138E1D /* AppDelegate.swift in Sources */,
			);
			runOnlyForDeploymentPostprocessing = 0;
		};
		C14528CE1B25AA6B00138E1D /* Sources */ = {
			isa = PBXSourcesBuildPhase;
			buildActionMask = 2147483647;
			files = (
				C14528D91B25AA6B00138E1D /* iOSmonitoringTests.swift in Sources */,
			);
			runOnlyForDeploymentPostprocessing = 0;
		};
/* End PBXSourcesBuildPhase section */

/* Begin PBXTargetDependency section */
		C14528D41B25AA6B00138E1D /* PBXTargetDependency */ = {
			isa = PBXTargetDependency;
			target = C14528BA1B25AA6B00138E1D /* iOSmonitoring */;
			targetProxy = C14528D31B25AA6B00138E1D /* PBXContainerItemProxy */;
		};
/* End PBXTargetDependency section */

/* Begin PBXVariantGroup section */
		C14528C61B25AA6B00138E1D /* Main.storyboard */ = {
			isa = PBXVariantGroup;
			children = (
				C14528C71B25AA6B00138E1D /* Base */,
			);
			name = Main.storyboard;
			sourceTree = "<group>";
		};
		C14528CB1B25AA6B00138E1D /* LaunchScreen.xib */ = {
			isa = PBXVariantGroup;
			children = (
				C14528CC1B25AA6B00138E1D /* Base */,
			);
			name = LaunchScreen.xib;
			sourceTree = "<group>";
		};
/* End PBXVariantGroup section */

/* Begin XCBuildConfiguration section */
		C14528DA1B25AA6B00138E1D /* Debug */ = {
			isa = XCBuildConfiguration;
			buildSettings = {
				ALWAYS_SEARCH_USER_PATHS = NO;
				CLANG_CXX_LANGUAGE_STANDARD = "gnu++0x";
				CLANG_CXX_LIBRARY = "libc++";
				CLANG_ENABLE_MODULES = YES;
				CLANG_ENABLE_OBJC_ARC = YES;
				CLANG_WARN_BOOL_CONVERSION = YES;
				CLANG_WARN_CONSTANT_CONVERSION = YES;
				CLANG_WARN_DIRECT_OBJC_ISA_USAGE = YES_ERROR;
				CLANG_WARN_EMPTY_BODY = YES;
				CLANG_WARN_ENUM_CONVERSION = YES;
				CLANG_WARN_INT_CONVERSION = YES;
				CLANG_WARN_OBJC_ROOT_CLASS = YES_ERROR;
				CLANG_WARN_UNREACHABLE_CODE = YES;
				CLANG_WARN__DUPLICATE_METHOD_MATCH = YES;
				"CODE_SIGN_IDENTITY[sdk=iphoneos*]" = "iPhone Developer";
				COPY_PHASE_STRIP = NO;
				ENABLE_STRICT_OBJC_MSGSEND = YES;
				GCC_C_LANGUAGE_STANDARD = gnu99;
				GCC_DYNAMIC_NO_PIC = NO;
				GCC_OPTIMIZATION_LEVEL = 0;
				GCC_PREPROCESSOR_DEFINITIONS = (
					"DEBUG=1",
					"$(inherited)",
				);
				GCC_SYMBOLS_PRIVATE_EXTERN = NO;
				GCC_WARN_64_TO_32_BIT_CONVERSION = YES;
				GCC_WARN_ABOUT_RETURN_TYPE = YES_ERROR;
				GCC_WARN_UNDECLARED_SELECTOR = YES;
				GCC_WARN_UNINITIALIZED_AUTOS = YES_AGGRESSIVE;
				GCC_WARN_UNUSED_FUNCTION = YES;
				GCC_WARN_UNUSED_VARIABLE = YES;
				IPHONEOS_DEPLOYMENT_TARGET = 8.1;
				MTL_ENABLE_DEBUG_INFO = YES;
				ONLY_ACTIVE_ARCH = YES;
				SDKROOT = iphoneos;
				SWIFT_OPTIMIZATION_LEVEL = "-Onone";
			};
			name = Debug;
		};
		C14528DB1B25AA6B00138E1D /* Release */ = {
			isa = XCBuildConfiguration;
			buildSettings = {
				ALWAYS_SEARCH_USER_PATHS = NO;
				CLANG_CXX_LANGUAGE_STANDARD = "gnu++0x";
				CLANG_CXX_LIBRARY = "libc++";
				CLANG_ENABLE_MODULES = YES;
				CLANG_ENABLE_OBJC_ARC = YES;
				CLANG_WARN_BOOL_CONVERSION = YES;
				CLANG_WARN_CONSTANT_CONVERSION = YES;
				CLANG_WARN_DIRECT_OBJC_ISA_USAGE = YES_ERROR;
				CLANG_WARN_EMPTY_BODY = YES;
				CLANG_WARN_ENUM_CONVERSION = YES;
				CLANG_WARN_INT_CONVERSION = YES;
				CLANG_WARN_OBJC_ROOT_CLASS = YES_ERROR;
				CLANG_WARN_UNREACHABLE_CODE = YES;
				CLANG_WARN__DUPLICATE_METHOD_MATCH = YES;
				"CODE_SIGN_IDENTITY[sdk=iphoneos*]" = "iPhone Developer";
				COPY_PHASE_STRIP = YES;
				ENABLE_NS_ASSERTIONS = NO;
				ENABLE_STRICT_OBJC_MSGSEND = YES;
				GCC_C_LANGUAGE_STANDARD = gnu99;
				GCC_WARN_64_TO_32_BIT_CONVERSION = YES;
				GCC_WARN_ABOUT_RETURN_TYPE = YES_ERROR;
				GCC_WARN_UNDECLARED_SELECTOR = YES;
				GCC_WARN_UNINITIALIZED_AUTOS = YES_AGGRESSIVE;
				GCC_WARN_UNUSED_FUNCTION = YES;
				GCC_WARN_UNUSED_VARIABLE = YES;
				IPHONEOS_DEPLOYMENT_TARGET = 8.1;
				MTL_ENABLE_DEBUG_INFO = NO;
				SDKROOT = iphoneos;
				VALIDATE_PRODUCT = YES;
			};
			name = Release;
		};
		C14528DD1B25AA6B00138E1D /* Debug */ = {
			isa = XCBuildConfiguration;
			buildSettings = {
				ASSETCATALOG_COMPILER_APPICON_NAME = AppIcon;
				INFOPLIST_FILE = iOSmonitoring/Info.plist;
				LD_RUNPATH_SEARCH_PATHS = "$(inherited) @executable_path/Frameworks";
				PRODUCT_NAME = "$(TARGET_NAME)";
			};
			name = Debug;
		};
		C14528DE1B25AA6B00138E1D /* Release */ = {
			isa = XCBuildConfiguration;
			buildSettings = {
				ASSETCATALOG_COMPILER_APPICON_NAME = AppIcon;
				INFOPLIST_FILE = iOSmonitoring/Info.plist;
				LD_RUNPATH_SEARCH_PATHS = "$(inherited) @executable_path/Frameworks";
				PRODUCT_NAME = "$(TARGET_NAME)";
			};
			name = Release;
		};
		C14528E01B25AA6B00138E1D /* Debug */ = {
			isa = XCBuildConfiguration;
			buildSettings = {
				BUNDLE_LOADER = "$(TEST_HOST)";
				FRAMEWORK_SEARCH_PATHS = (
					"$(SDKROOT)/Developer/Library/Frameworks",
					"$(inherited)",
				);
				GCC_PREPROCESSOR_DEFINITIONS = (
					"DEBUG=1",
					"$(inherited)",
				);
				INFOPLIST_FILE = iOSmonitoringTests/Info.plist;
				LD_RUNPATH_SEARCH_PATHS = "$(inherited) @executable_path/Frameworks @loader_path/Frameworks";
				PRODUCT_NAME = "$(TARGET_NAME)";
				TEST_HOST = "$(BUILT_PRODUCTS_DIR)/iOSmonitoring.app/iOSmonitoring";
			};
			name = Debug;
		};
		C14528E11B25AA6B00138E1D /* Release */ = {
			isa = XCBuildConfiguration;
			buildSettings = {
				BUNDLE_LOADER = "$(TEST_HOST)";
				FRAMEWORK_SEARCH_PATHS = (
					"$(SDKROOT)/Developer/Library/Frameworks",
					"$(inherited)",
				);
				INFOPLIST_FILE = iOSmonitoringTests/Info.plist;
				LD_RUNPATH_SEARCH_PATHS = "$(inherited) @executable_path/Frameworks @loader_path/Frameworks";
				PRODUCT_NAME = "$(TARGET_NAME)";
				TEST_HOST = "$(BUILT_PRODUCTS_DIR)/iOSmonitoring.app/iOSmonitoring";
			};
			name = Release;
		};
/* End XCBuildConfiguration section */

/* Begin XCConfigurationList section */
		C14528B61B25AA6A00138E1D /* Build configuration list for PBXProject "iOSmonitoring" */ = {
			isa = XCConfigurationList;
			buildConfigurations = (
				C14528DA1B25AA6B00138E1D /* Debug */,
				C14528DB1B25AA6B00138E1D /* Release */,
			);
			defaultConfigurationIsVisible = 0;
			defaultConfigurationName = Release;
		};
		C14528DC1B25AA6B00138E1D /* Build configuration list for PBXNativeTarget "iOSmonitoring" */ = {
			isa = XCConfigurationList;
			buildConfigurations = (
				C14528DD1B25AA6B00138E1D /* Debug */,
				C14528DE1B25AA6B00138E1D /* Release */,
			);
			defaultConfigurationIsVisible = 0;
		};
		C14528DF1B25AA6B00138E1D /* Build configuration list for PBXNativeTarget "iOSmonitoringTests" */ = {
			isa = XCConfigurationList;
			buildConfigurations = (
				C14528E01B25AA6B00138E1D /* Debug */,
				C14528E11B25AA6B00138E1D /* Release */,
			);
			defaultConfigurationIsVisible = 0;
		};
/* End XCConfigurationList section */
	};
	rootObject = C14528B31B25AA6A00138E1D /* Project object */;
}
